github.com/go-sql-driver/mysql v1.7.1 h1:lUIinVbN1DY0xBg0eMOzmmtGoHwWBbvnWubQUrtU8EI=
github.com/go-sql-driver/mysql v1.7.1/go.mod h1:OXbVy3sEdcQ2Doequ6Z5BW6fXNQTmx+9S1MCJN5yJMI=
github.com/m1ker1n/go-generics v0.3.0 h1:T+o9dTjCTUOxoP5AhFZkhSRvxxFYkeYAZ+7FPmTlGIM=
github.com/m1ker1n/go-generics v0.3.0/go.mod h1:Sdqf45ZmwULpOW1M1XRXLmYOiQofEzzCsSwUAFFMca8=
